
Microsoft Visual Studio Solution File, Format Version 12.00
# Visual Studio 14
VisualStudioVersion = 14.0.25420.1
MinimumVisualStudioVersion = 10.0.40219.1
Project("{FAE04EC0-301F-11D3-BF4B-00C04F79EFBC}") = "Builder", "Source\Core\Builder.csproj", "{818B3D10-F791-4C3F-9AF5-BB2D0079B63C}"
EndProject
Project("{FAE04EC0-301F-11D3-BF4B-00C04F79EFBC}") = "BuilderModes", "Source\Plugins\BuilderModes\BuilderModes.csproj", "{B42D5AA0-F9A6-4234-9C4B-A05B11A64851}"
EndProject
Project("{FAE04EC0-301F-11D3-BF4B-00C04F79EFBC}") = "Statistics", "Source\Plugins\Statistics\Statistics.csproj", "{FBC0A503-9152-4BE2-9B5C-128FFD0B0D3F}"
EndProject
Project("{FAE04EC0-301F-11D3-BF4B-00C04F79EFBC}") = "CommentsPanel", "Source\Plugins\CommentsPanel\CommentsPanel.csproj", "{58BD8A5B-1B48-435D-8473-A92F27D06C49}"
EndProject
Project("{FAE04EC0-301F-11D3-BF4B-00C04F79EFBC}") = "GZDoomEditing", "Source\Plugins\GZDoomEditing\GZDoomEditing.csproj", "{760A9BC7-CB73-4C36-858B-994C14996FCD}"
EndProject
Project("{8BC9CEB8-8B4A-11D0-8D11-00A0C91BC942}") = "vpo_dll", "Source\Plugins\vpo_dll\vpo_dll.vcxproj", "{29C8D76F-DE3D-482D-AD7D-B86BBD0824DE}"
EndProject
Project("{FAE04EC0-301F-11D3-BF4B-00C04F79EFBC}") = "VisplaneExplorer", "Source\Plugins\VisplaneExplorer\VisplaneExplorer.csproj", "{CF670175-7099-4090-A330-EE25C7230139}"
	ProjectSection(ProjectDependencies) = postProject
		{29C8D76F-DE3D-482D-AD7D-B86BBD0824DE} = {29C8D76F-DE3D-482D-AD7D-B86BBD0824DE}
	EndProjectSection
EndProject
Project("{FAE04EC0-301F-11D3-BF4B-00C04F79EFBC}") = "NodesViewer", "Source\Plugins\NodesViewer\NodesViewer.csproj", "{9F244231-6A0C-42A6-87C5-ED9620DEE096}"
EndProject
Project("{FAE04EC0-301F-11D3-BF4B-00C04F79EFBC}") = "RejectEditor", "Source\Plugins\RejectEditor\RejectEditor.csproj", "{95E2FA43-B327-40F5-9788-0B8D66457DE3}"
EndProject
Project("{FAE04EC0-301F-11D3-BF4B-00C04F79EFBC}") = "Builder40", "Source\Core\Builder40.csproj", "{17DEFFF6-A63D-4494-8AAF-7461527CA135}"
EndProject
Global
	GlobalSection(Performance) = preSolution
		HasPerformanceSessions = true
	EndGlobalSection
	GlobalSection(SolutionConfigurationPlatforms) = preSolution
		Debug|Any CPU = Debug|Any CPU
		Debug|Mixed Platforms = Debug|Mixed Platforms
		Debug|Win32 = Debug|Win32
		Debug|x86 = Debug|x86
		Profiling|Any CPU = Profiling|Any CPU
		Profiling|Mixed Platforms = Profiling|Mixed Platforms
		Profiling|Win32 = Profiling|Win32
		Profiling|x86 = Profiling|x86
		Release|Any CPU = Release|Any CPU
		Release|Mixed Platforms = Release|Mixed Platforms
		Release|Win32 = Release|Win32
		Release|x86 = Release|x86
	EndGlobalSection
	GlobalSection(ProjectConfigurationPlatforms) = postSolution
		{818B3D10-F791-4C3F-9AF5-BB2D0079B63C}.Debug|Any CPU.ActiveCfg = Debug|x86
		{818B3D10-F791-4C3F-9AF5-BB2D0079B63C}.Debug|Mixed Platforms.ActiveCfg = Debug|x86
		{818B3D10-F791-4C3F-9AF5-BB2D0079B63C}.Debug|Mixed Platforms.Build.0 = Debug|x86
		{818B3D10-F791-4C3F-9AF5-BB2D0079B63C}.Debug|Win32.ActiveCfg = Debug|x86
		{818B3D10-F791-4C3F-9AF5-BB2D0079B63C}.Debug|x86.ActiveCfg = Debug|x86
		{818B3D10-F791-4C3F-9AF5-BB2D0079B63C}.Debug|x86.Build.0 = Debug|x86
		{818B3D10-F791-4C3F-9AF5-BB2D0079B63C}.Profiling|Any CPU.ActiveCfg = Profiling|x86
		{818B3D10-F791-4C3F-9AF5-BB2D0079B63C}.Profiling|Mixed Platforms.ActiveCfg = Profiling|x86
		{818B3D10-F791-4C3F-9AF5-BB2D0079B63C}.Profiling|Mixed Platforms.Build.0 = Profiling|x86
		{818B3D10-F791-4C3F-9AF5-BB2D0079B63C}.Profiling|Win32.ActiveCfg = Profiling|x86
		{818B3D10-F791-4C3F-9AF5-BB2D0079B63C}.Profiling|Win32.Build.0 = Profiling|x86
		{818B3D10-F791-4C3F-9AF5-BB2D0079B63C}.Profiling|x86.ActiveCfg = Profiling|x86
		{818B3D10-F791-4C3F-9AF5-BB2D0079B63C}.Profiling|x86.Build.0 = Profiling|x86
		{818B3D10-F791-4C3F-9AF5-BB2D0079B63C}.Release|Any CPU.ActiveCfg = Release|x86
		{818B3D10-F791-4C3F-9AF5-BB2D0079B63C}.Release|Mixed Platforms.ActiveCfg = Release|x86
		{818B3D10-F791-4C3F-9AF5-BB2D0079B63C}.Release|Mixed Platforms.Build.0 = Release|x86
		{818B3D10-F791-4C3F-9AF5-BB2D0079B63C}.Release|Win32.ActiveCfg = Release|x86
		{818B3D10-F791-4C3F-9AF5-BB2D0079B63C}.Release|x86.ActiveCfg = Release|x86
		{818B3D10-F791-4C3F-9AF5-BB2D0079B63C}.Release|x86.Build.0 = Release|x86
		{B42D5AA0-F9A6-4234-9C4B-A05B11A64851}.Debug|Any CPU.ActiveCfg = Debug|x86
		{B42D5AA0-F9A6-4234-9C4B-A05B11A64851}.Debug|Mixed Platforms.ActiveCfg = Debug|x86
		{B42D5AA0-F9A6-4234-9C4B-A05B11A64851}.Debug|Mixed Platforms.Build.0 = Debug|x86
		{B42D5AA0-F9A6-4234-9C4B-A05B11A64851}.Debug|Win32.ActiveCfg = Debug|x86
		{B42D5AA0-F9A6-4234-9C4B-A05B11A64851}.Debug|x86.ActiveCfg = Debug|x86
		{B42D5AA0-F9A6-4234-9C4B-A05B11A64851}.Debug|x86.Build.0 = Debug|x86
		{B42D5AA0-F9A6-4234-9C4B-A05B11A64851}.Profiling|Any CPU.ActiveCfg = Profiling|x86
		{B42D5AA0-F9A6-4234-9C4B-A05B11A64851}.Profiling|Mixed Platforms.ActiveCfg = Profiling|x86
		{B42D5AA0-F9A6-4234-9C4B-A05B11A64851}.Profiling|Mixed Platforms.Build.0 = Profiling|x86
		{B42D5AA0-F9A6-4234-9C4B-A05B11A64851}.Profiling|Win32.ActiveCfg = Profiling|x86
		{B42D5AA0-F9A6-4234-9C4B-A05B11A64851}.Profiling|Win32.Build.0 = Profiling|x86
		{B42D5AA0-F9A6-4234-9C4B-A05B11A64851}.Profiling|x86.ActiveCfg = Profiling|x86
		{B42D5AA0-F9A6-4234-9C4B-A05B11A64851}.Profiling|x86.Build.0 = Profiling|x86
		{B42D5AA0-F9A6-4234-9C4B-A05B11A64851}.Release|Any CPU.ActiveCfg = Release|x86
		{B42D5AA0-F9A6-4234-9C4B-A05B11A64851}.Release|Mixed Platforms.ActiveCfg = Release|x86
		{B42D5AA0-F9A6-4234-9C4B-A05B11A64851}.Release|Mixed Platforms.Build.0 = Release|x86
		{B42D5AA0-F9A6-4234-9C4B-A05B11A64851}.Release|Win32.ActiveCfg = Release|x86
		{B42D5AA0-F9A6-4234-9C4B-A05B11A64851}.Release|x86.ActiveCfg = Release|x86
		{B42D5AA0-F9A6-4234-9C4B-A05B11A64851}.Release|x86.Build.0 = Release|x86
		{FBC0A503-9152-4BE2-9B5C-128FFD0B0D3F}.Debug|Any CPU.ActiveCfg = Debug|x86
		{FBC0A503-9152-4BE2-9B5C-128FFD0B0D3F}.Debug|Mixed Platforms.ActiveCfg = Debug|x86
		{FBC0A503-9152-4BE2-9B5C-128FFD0B0D3F}.Debug|Mixed Platforms.Build.0 = Debug|x86
		{FBC0A503-9152-4BE2-9B5C-128FFD0B0D3F}.Debug|Win32.ActiveCfg = Debug|x86
		{FBC0A503-9152-4BE2-9B5C-128FFD0B0D3F}.Debug|x86.ActiveCfg = Debug|x86
		{FBC0A503-9152-4BE2-9B5C-128FFD0B0D3F}.Debug|x86.Build.0 = Debug|x86
		{FBC0A503-9152-4BE2-9B5C-128FFD0B0D3F}.Profiling|Any CPU.ActiveCfg = Profiling|x86
		{FBC0A503-9152-4BE2-9B5C-128FFD0B0D3F}.Profiling|Mixed Platforms.ActiveCfg = Profiling|x86
		{FBC0A503-9152-4BE2-9B5C-128FFD0B0D3F}.Profiling|Mixed Platforms.Build.0 = Profiling|x86
		{FBC0A503-9152-4BE2-9B5C-128FFD0B0D3F}.Profiling|Win32.ActiveCfg = Profiling|x86
		{FBC0A503-9152-4BE2-9B5C-128FFD0B0D3F}.Profiling|Win32.Build.0 = Profiling|x86
		{FBC0A503-9152-4BE2-9B5C-128FFD0B0D3F}.Profiling|x86.ActiveCfg = Profiling|x86
		{FBC0A503-9152-4BE2-9B5C-128FFD0B0D3F}.Profiling|x86.Build.0 = Profiling|x86
		{FBC0A503-9152-4BE2-9B5C-128FFD0B0D3F}.Release|Any CPU.ActiveCfg = Release|x86
		{FBC0A503-9152-4BE2-9B5C-128FFD0B0D3F}.Release|Mixed Platforms.ActiveCfg = Release|x86
		{FBC0A503-9152-4BE2-9B5C-128FFD0B0D3F}.Release|Mixed Platforms.Build.0 = Release|x86
		{FBC0A503-9152-4BE2-9B5C-128FFD0B0D3F}.Release|Win32.ActiveCfg = Release|x86
		{FBC0A503-9152-4BE2-9B5C-128FFD0B0D3F}.Release|x86.ActiveCfg = Release|x86
		{FBC0A503-9152-4BE2-9B5C-128FFD0B0D3F}.Release|x86.Build.0 = Release|x86
		{58BD8A5B-1B48-435D-8473-A92F27D06C49}.Debug|Any CPU.ActiveCfg = Debug|x86
		{58BD8A5B-1B48-435D-8473-A92F27D06C49}.Debug|Mixed Platforms.ActiveCfg = Debug|x86
		{58BD8A5B-1B48-435D-8473-A92F27D06C49}.Debug|Mixed Platforms.Build.0 = Debug|x86
		{58BD8A5B-1B48-435D-8473-A92F27D06C49}.Debug|Win32.ActiveCfg = Debug|x86
		{58BD8A5B-1B48-435D-8473-A92F27D06C49}.Debug|x86.ActiveCfg = Debug|x86
		{58BD8A5B-1B48-435D-8473-A92F27D06C49}.Debug|x86.Build.0 = Debug|x86
		{58BD8A5B-1B48-435D-8473-A92F27D06C49}.Profiling|Any CPU.ActiveCfg = Profiling|x86
		{58BD8A5B-1B48-435D-8473-A92F27D06C49}.Profiling|Mixed Platforms.ActiveCfg = Profiling|x86
		{58BD8A5B-1B48-435D-8473-A92F27D06C49}.Profiling|Mixed Platforms.Build.0 = Profiling|x86
		{58BD8A5B-1B48-435D-8473-A92F27D06C49}.Profiling|Win32.ActiveCfg = Profiling|x86
		{58BD8A5B-1B48-435D-8473-A92F27D06C49}.Profiling|Win32.Build.0 = Profiling|x86
		{58BD8A5B-1B48-435D-8473-A92F27D06C49}.Profiling|x86.ActiveCfg = Profiling|x86
		{58BD8A5B-1B48-435D-8473-A92F27D06C49}.Profiling|x86.Build.0 = Profiling|x86
		{58BD8A5B-1B48-435D-8473-A92F27D06C49}.Release|Any CPU.ActiveCfg = Release|x86
		{58BD8A5B-1B48-435D-8473-A92F27D06C49}.Release|Mixed Platforms.ActiveCfg = Release|x86
		{58BD8A5B-1B48-435D-8473-A92F27D06C49}.Release|Mixed Platforms.Build.0 = Release|x86
		{58BD8A5B-1B48-435D-8473-A92F27D06C49}.Release|Win32.ActiveCfg = Release|x86
		{58BD8A5B-1B48-435D-8473-A92F27D06C49}.Release|x86.ActiveCfg = Release|x86
		{58BD8A5B-1B48-435D-8473-A92F27D06C49}.Release|x86.Build.0 = Release|x86
		{760A9BC7-CB73-4C36-858B-994C14996FCD}.Debug|Any CPU.ActiveCfg = Debug|x86
		{760A9BC7-CB73-4C36-858B-994C14996FCD}.Debug|Mixed Platforms.ActiveCfg = Debug|x86
		{760A9BC7-CB73-4C36-858B-994C14996FCD}.Debug|Mixed Platforms.Build.0 = Debug|x86
		{760A9BC7-CB73-4C36-858B-994C14996FCD}.Debug|Win32.ActiveCfg = Debug|x86
		{760A9BC7-CB73-4C36-858B-994C14996FCD}.Debug|x86.ActiveCfg = Debug|x86
		{760A9BC7-CB73-4C36-858B-994C14996FCD}.Debug|x86.Build.0 = Debug|x86
		{760A9BC7-CB73-4C36-858B-994C14996FCD}.Profiling|Any CPU.ActiveCfg = Profiling|x86
		{760A9BC7-CB73-4C36-858B-994C14996FCD}.Profiling|Mixed Platforms.ActiveCfg = Profiling|x86
		{760A9BC7-CB73-4C36-858B-994C14996FCD}.Profiling|Mixed Platforms.Build.0 = Profiling|x86
		{760A9BC7-CB73-4C36-858B-994C14996FCD}.Profiling|Win32.ActiveCfg = Profiling|x86
		{760A9BC7-CB73-4C36-858B-994C14996FCD}.Profiling|Win32.Build.0 = Profiling|x86
		{760A9BC7-CB73-4C36-858B-994C14996FCD}.Profiling|x86.ActiveCfg = Profiling|x86
		{760A9BC7-CB73-4C36-858B-994C14996FCD}.Profiling|x86.Build.0 = Profiling|x86
		{760A9BC7-CB73-4C36-858B-994C14996FCD}.Release|Any CPU.ActiveCfg = Release|x86
		{760A9BC7-CB73-4C36-858B-994C14996FCD}.Release|Mixed Platforms.ActiveCfg = Release|x86
		{760A9BC7-CB73-4C36-858B-994C14996FCD}.Release|Mixed Platforms.Build.0 = Release|x86
		{760A9BC7-CB73-4C36-858B-994C14996FCD}.Release|Win32.ActiveCfg = Release|x86
		{760A9BC7-CB73-4C36-858B-994C14996FCD}.Release|x86.ActiveCfg = Release|x86
		{760A9BC7-CB73-4C36-858B-994C14996FCD}.Release|x86.Build.0 = Release|x86
		{29C8D76F-DE3D-482D-AD7D-B86BBD0824DE}.Debug|Any CPU.ActiveCfg = Debug|Win32
		{29C8D76F-DE3D-482D-AD7D-B86BBD0824DE}.Debug|Mixed Platforms.ActiveCfg = Debug|Win32
		{29C8D76F-DE3D-482D-AD7D-B86BBD0824DE}.Debug|Mixed Platforms.Build.0 = Debug|Win32
		{29C8D76F-DE3D-482D-AD7D-B86BBD0824DE}.Debug|Win32.ActiveCfg = Debug|Win32
		{29C8D76F-DE3D-482D-AD7D-B86BBD0824DE}.Debug|Win32.Build.0 = Debug|Win32
		{29C8D76F-DE3D-482D-AD7D-B86BBD0824DE}.Debug|x86.ActiveCfg = Debug|Win32
		{29C8D76F-DE3D-482D-AD7D-B86BBD0824DE}.Profiling|Any CPU.ActiveCfg = Release|Win32
		{29C8D76F-DE3D-482D-AD7D-B86BBD0824DE}.Profiling|Mixed Platforms.ActiveCfg = Release|Win32
		{29C8D76F-DE3D-482D-AD7D-B86BBD0824DE}.Profiling|Win32.ActiveCfg = Release|Win32
		{29C8D76F-DE3D-482D-AD7D-B86BBD0824DE}.Profiling|x86.ActiveCfg = Release|Win32
		{29C8D76F-DE3D-482D-AD7D-B86BBD0824DE}.Release|Any CPU.ActiveCfg = Release|Win32
		{29C8D76F-DE3D-482D-AD7D-B86BBD0824DE}.Release|Mixed Platforms.ActiveCfg = Release|Win32
		{29C8D76F-DE3D-482D-AD7D-B86BBD0824DE}.Release|Mixed Platforms.Build.0 = Release|Win32
		{29C8D76F-DE3D-482D-AD7D-B86BBD0824DE}.Release|Win32.ActiveCfg = Release|Win32
		{29C8D76F-DE3D-482D-AD7D-B86BBD0824DE}.Release|Win32.Build.0 = Release|Win32
		{29C8D76F-DE3D-482D-AD7D-B86BBD0824DE}.Release|x86.ActiveCfg = Release|Win32
		{CF670175-7099-4090-A330-EE25C7230139}.Debug|Any CPU.ActiveCfg = Debug|x86
		{CF670175-7099-4090-A330-EE25C7230139}.Debug|Mixed Platforms.ActiveCfg = Debug|x86
		{CF670175-7099-4090-A330-EE25C7230139}.Debug|Mixed Platforms.Build.0 = Debug|x86
		{CF670175-7099-4090-A330-EE25C7230139}.Debug|Win32.ActiveCfg = Debug|x86
		{CF670175-7099-4090-A330-EE25C7230139}.Debug|Win32.Build.0 = Debug|x86
		{CF670175-7099-4090-A330-EE25C7230139}.Debug|x86.ActiveCfg = Debug|x86
		{CF670175-7099-4090-A330-EE25C7230139}.Profiling|Any CPU.ActiveCfg = Profiling|x86
		{CF670175-7099-4090-A330-EE25C7230139}.Profiling|Mixed Platforms.ActiveCfg = Profiling|x86
		{CF670175-7099-4090-A330-EE25C7230139}.Profiling|Mixed Platforms.Build.0 = Profiling|x86
		{CF670175-7099-4090-A330-EE25C7230139}.Profiling|Win32.ActiveCfg = Profiling|x86
		{CF670175-7099-4090-A330-EE25C7230139}.Profiling|Win32.Build.0 = Profiling|x86
		{CF670175-7099-4090-A330-EE25C7230139}.Profiling|x86.ActiveCfg = Profiling|x86
		{CF670175-7099-4090-A330-EE25C7230139}.Release|Any CPU.ActiveCfg = Release|x86
		{CF670175-7099-4090-A330-EE25C7230139}.Release|Mixed Platforms.ActiveCfg = Release|x86
		{CF670175-7099-4090-A330-EE25C7230139}.Release|Mixed Platforms.Build.0 = Release|x86
		{CF670175-7099-4090-A330-EE25C7230139}.Release|Win32.ActiveCfg = Release|x86
		{CF670175-7099-4090-A330-EE25C7230139}.Release|Win32.Build.0 = Release|x86
		{CF670175-7099-4090-A330-EE25C7230139}.Release|x86.ActiveCfg = Release|x86
		{9F244231-6A0C-42A6-87C5-ED9620DEE096}.Debug|Any CPU.ActiveCfg = Debug|Any CPU
		{9F244231-6A0C-42A6-87C5-ED9620DEE096}.Debug|Any CPU.Build.0 = Debug|Any CPU
		{9F244231-6A0C-42A6-87C5-ED9620DEE096}.Debug|Mixed Platforms.ActiveCfg = Debug|Any CPU
		{9F244231-6A0C-42A6-87C5-ED9620DEE096}.Debug|Mixed Platforms.Build.0 = Debug|Any CPU
		{9F244231-6A0C-42A6-87C5-ED9620DEE096}.Debug|Win32.ActiveCfg = Debug|Any CPU
		{9F244231-6A0C-42A6-87C5-ED9620DEE096}.Debug|x86.ActiveCfg = Debug|Any CPU
		{9F244231-6A0C-42A6-87C5-ED9620DEE096}.Profiling|Any CPU.ActiveCfg = Profiling|Any CPU
		{9F244231-6A0C-42A6-87C5-ED9620DEE096}.Profiling|Mixed Platforms.ActiveCfg = Profiling|Any CPU
		{9F244231-6A0C-42A6-87C5-ED9620DEE096}.Profiling|Mixed Platforms.Build.0 = Profiling|Any CPU
		{9F244231-6A0C-42A6-87C5-ED9620DEE096}.Profiling|Win32.ActiveCfg = Profiling|Any CPU
		{9F244231-6A0C-42A6-87C5-ED9620DEE096}.Profiling|Win32.Build.0 = Profiling|Any CPU
		{9F244231-6A0C-42A6-87C5-ED9620DEE096}.Profiling|x86.ActiveCfg = Profiling|Any CPU
		{9F244231-6A0C-42A6-87C5-ED9620DEE096}.Release|Any CPU.ActiveCfg = Release|Any CPU
		{9F244231-6A0C-42A6-87C5-ED9620DEE096}.Release|Any CPU.Build.0 = Release|Any CPU
		{9F244231-6A0C-42A6-87C5-ED9620DEE096}.Release|Mixed Platforms.ActiveCfg = Release|Any CPU
		{9F244231-6A0C-42A6-87C5-ED9620DEE096}.Release|Mixed Platforms.Build.0 = Release|Any CPU
		{9F244231-6A0C-42A6-87C5-ED9620DEE096}.Release|Win32.ActiveCfg = Release|Any CPU
		{9F244231-6A0C-42A6-87C5-ED9620DEE096}.Release|x86.ActiveCfg = Release|Any CPU
		{95E2FA43-B327-40F5-9788-0B8D66457DE3}.Debug|Any CPU.ActiveCfg = Debug|Any CPU
		{95E2FA43-B327-40F5-9788-0B8D66457DE3}.Debug|Any CPU.Build.0 = Debug|Any CPU
		{95E2FA43-B327-40F5-9788-0B8D66457DE3}.Debug|Mixed Platforms.ActiveCfg = Debug|Any CPU
		{95E2FA43-B327-40F5-9788-0B8D66457DE3}.Debug|Mixed Platforms.Build.0 = Debug|Any CPU
		{95E2FA43-B327-40F5-9788-0B8D66457DE3}.Debug|Win32.ActiveCfg = Debug|Any CPU
		{95E2FA43-B327-40F5-9788-0B8D66457DE3}.Debug|x86.ActiveCfg = Debug|Any CPU
		{95E2FA43-B327-40F5-9788-0B8D66457DE3}.Profiling|Any CPU.ActiveCfg = Profiling|Any CPU
		{95E2FA43-B327-40F5-9788-0B8D66457DE3}.Profiling|Mixed Platforms.ActiveCfg = Profiling|Any CPU
		{95E2FA43-B327-40F5-9788-0B8D66457DE3}.Profiling|Mixed Platforms.Build.0 = Profiling|Any CPU
		{95E2FA43-B327-40F5-9788-0B8D66457DE3}.Profiling|Win32.ActiveCfg = Profiling|Any CPU
		{95E2FA43-B327-40F5-9788-0B8D66457DE3}.Profiling|Win32.Build.0 = Profiling|Any CPU
		{95E2FA43-B327-40F5-9788-0B8D66457DE3}.Profiling|x86.ActiveCfg = Profiling|Any CPU
		{95E2FA43-B327-40F5-9788-0B8D66457DE3}.Release|Any CPU.ActiveCfg = Release|Any CPU
		{95E2FA43-B327-40F5-9788-0B8D66457DE3}.Release|Any CPU.Build.0 = Release|Any CPU
		{95E2FA43-B327-40F5-9788-0B8D66457DE3}.Release|Mixed Platforms.ActiveCfg = Release|Any CPU
		{95E2FA43-B327-40F5-9788-0B8D66457DE3}.Release|Mixed Platforms.Build.0 = Release|Any CPU
		{95E2FA43-B327-40F5-9788-0B8D66457DE3}.Release|Win32.ActiveCfg = Release|Any CPU
		{95E2FA43-B327-40F5-9788-0B8D66457DE3}.Release|x86.ActiveCfg = Release|Any CPU
		{17DEFFF6-A63D-4494-8AAF-7461527CA135}.Debug|Any CPU.ActiveCfg = Debug|Any CPU
		{17DEFFF6-A63D-4494-8AAF-7461527CA135}.Debug|Any CPU.Build.0 = Debug|Any CPU
		{17DEFFF6-A63D-4494-8AAF-7461527CA135}.Debug|Mixed Platforms.ActiveCfg = Debug|Any CPU
		{17DEFFF6-A63D-4494-8AAF-7461527CA135}.Debug|Mixed Platforms.Build.0 = Debug|Any CPU
		{17DEFFF6-A63D-4494-8AAF-7461527CA135}.Debug|Win32.ActiveCfg = Debug|Any CPU
		{17DEFFF6-A63D-4494-8AAF-7461527CA135}.Debug|Win32.Build.0 = Debug|Any CPU
		{17DEFFF6-A63D-4494-8AAF-7461527CA135}.Debug|x86.ActiveCfg = Debug|Any CPU
		{17DEFFF6-A63D-4494-8AAF-7461527CA135}.Debug|x86.Build.0 = Debug|Any CPU
		{17DEFFF6-A63D-4494-8AAF-7461527CA135}.Profiling|Any CPU.ActiveCfg = Profiling|Any CPU
		{17DEFFF6-A63D-4494-8AAF-7461527CA135}.Profiling|Any CPU.Build.0 = Profiling|Any CPU
		{17DEFFF6-A63D-4494-8AAF-7461527CA135}.Profiling|Mixed Platforms.ActiveCfg = Profiling|Any CPU
		{17DEFFF6-A63D-4494-8AAF-7461527CA135}.Profiling|Mixed Platforms.Build.0 = Profiling|Any CPU
		{17DEFFF6-A63D-4494-8AAF-7461527CA135}.Profiling|Win32.ActiveCfg = Profiling|Any CPU
		{17DEFFF6-A63D-4494-8AAF-7461527CA135}.Profiling|Win32.Build.0 = Profiling|Any CPU
		{17DEFFF6-A63D-4494-8AAF-7461527CA135}.Profiling|x86.ActiveCfg = Profiling|Any CPU
		{17DEFFF6-A63D-4494-8AAF-7461527CA135}.Profiling|x86.Build.0 = Profiling|Any CPU
		{17DEFFF6-A63D-4494-8AAF-7461527CA135}.Release|Any CPU.ActiveCfg = Release|Any CPU
		{17DEFFF6-A63D-4494-8AAF-7461527CA135}.Release|Any CPU.Build.0 = Release|Any CPU
		{17DEFFF6-A63D-4494-8AAF-7461527CA135}.Release|Mixed Platforms.ActiveCfg = Release|Any CPU
		{17DEFFF6-A63D-4494-8AAF-7461527CA135}.Release|Mixed Platforms.Build.0 = Release|Any CPU
		{17DEFFF6-A63D-4494-8AAF-7461527CA135}.Release|Win32.ActiveCfg = Release|Any CPU
		{17DEFFF6-A63D-4494-8AAF-7461527CA135}.Release|Win32.Build.0 = Release|Any CPU
		{17DEFFF6-A63D-4494-8AAF-7461527CA135}.Release|x86.ActiveCfg = Release|Any CPU
		{17DEFFF6-A63D-4494-8AAF-7461527CA135}.Release|x86.Build.0 = Release|Any CPU
	EndGlobalSection
	GlobalSection(SolutionProperties) = preSolution
		HideSolutionNode = FALSE
	EndGlobalSection
EndGlobal
