
Microsoft Visual Studio Solution File, Format Version 12.00
# Visual Studio 15
VisualStudioVersion = 15.0.28010.2026
MinimumVisualStudioVersion = 10.0.40219.1
Project("{8BC9CEB8-8B4A-11D0-8D11-00A0C91BC942}") = "vpo_dll", "vpo_dll.vcxproj", "{29C8D76F-DE3D-482D-AD7D-B86BBD0824DE}"
EndProject
Global
	GlobalSection(SolutionConfigurationPlatforms) = preSolution
		Debug|x86 = Debug|x86
		Release|x86 = Release|x86
	EndGlobalSection
	GlobalSection(ProjectConfigurationPlatforms) = postSolution
		{29C8D76F-DE3D-482D-AD7D-B86BBD0824DE}.Debug|x86.ActiveCfg = Debug|Win32
		{29C8D76F-DE3D-482D-AD7D-B86BBD0824DE}.Debug|x86.Build.0 = Debug|Win32
		{29C8D76F-DE3D-482D-AD7D-B86BBD0824DE}.Release|x86.ActiveCfg = Release|Win32
		{29C8D76F-DE3D-482D-AD7D-B86BBD0824DE}.Release|x86.Build.0 = Release|Win32
	EndGlobalSection
	GlobalSection(SolutionProperties) = preSolution
		HideSolutionNode = FALSE
	EndGlobalSection
	GlobalSection(ExtensibilityGlobals) = postSolution
		SolutionGuid = {BD1FFC89-EEE5-46D5-8578-FC12EFA1F42D}
	EndGlobalSection
EndGlobal
