<?xml version="1.0" encoding="utf-8"?>
<Project ToolsVersion="4.0" xmlns="http://schemas.microsoft.com/developer/msbuild/2003">
  <ItemGroup>
    <Filter Include="Source Files">
      <UniqueIdentifier>{4FC737F1-C7A5-4376-A066-2A32D752A2FF}</UniqueIdentifier>
      <Extensions>cpp;c;cc;cxx;def;odl;idl;hpj;bat;asm;asmx</Extensions>
    </Filter>
    <Filter Include="Header Files">
      <UniqueIdentifier>{93995380-89BD-4b04-88EB-625FBE52EBFB}</UniqueIdentifier>
      <Extensions>h;hpp;hxx;hm;inl;inc;xsd</Extensions>
    </Filter>
  </ItemGroup>
  <ItemGroup>
    <ClCompile Include="m_bbox.cc">
      <Filter>Source Files</Filter>
    </ClCompile>
    <ClCompile Include="m_fixed.cc">
      <Filter>Source Files</Filter>
    </ClCompile>
    <ClCompile Include="p_setup.cc">
      <Filter>Source Files</Filter>
    </ClCompile>
    <ClCompile Include="r_bsp.cc">
      <Filter>Source Files</Filter>
    </ClCompile>
    <ClCompile Include="r_main.cc">
      <Filter>Source Files</Filter>
    </ClCompile>
    <ClCompile Include="r_plane.cc">
      <Filter>Source Files</Filter>
    </ClCompile>
    <ClCompile Include="r_segs.cc">
      <Filter>Source Files</Filter>
    </ClCompile>
    <ClCompile Include="tables.cc">
      <Filter>Source Files</Filter>
    </ClCompile>
    <ClCompile Include="vpo_main.cc">
      <Filter>Source Files</Filter>
    </ClCompile>
    <ClCompile Include="vpo_stuff.cc">
      <Filter>Source Files</Filter>
    </ClCompile>
    <ClCompile Include="w_file.cc">
      <Filter>Source Files</Filter>
    </ClCompile>
    <ClCompile Include="w_wad.cc">
      <Filter>Source Files</Filter>
    </ClCompile>
  </ItemGroup>
  <ItemGroup>
    <ClInclude Include="doomdata.h">
      <Filter>Header Files</Filter>
    </ClInclude>
    <ClInclude Include="doomdef.h">
      <Filter>Header Files</Filter>
    </ClInclude>
    <ClInclude Include="doomtype.h">
      <Filter>Header Files</Filter>
    </ClInclude>
    <ClInclude Include="inttypes.h">
      <Filter>Header Files</Filter>
    </ClInclude>
    <ClInclude Include="m_bbox.h">
      <Filter>Header Files</Filter>
    </ClInclude>
    <ClInclude Include="m_fixed.h">
      <Filter>Header Files</Filter>
    </ClInclude>
    <ClInclude Include="r_bsp.h">
      <Filter>Header Files</Filter>
    </ClInclude>
    <ClInclude Include="r_defs.h">
      <Filter>Header Files</Filter>
    </ClInclude>
    <ClInclude Include="r_main.h">
      <Filter>Header Files</Filter>
    </ClInclude>
    <ClInclude Include="r_plane.h">
      <Filter>Header Files</Filter>
    </ClInclude>
    <ClInclude Include="r_state.h">
      <Filter>Header Files</Filter>
    </ClInclude>
    <ClInclude Include="stdint.h">
      <Filter>Header Files</Filter>
    </ClInclude>
    <ClInclude Include="sys_endian.h">
      <Filter>Header Files</Filter>
    </ClInclude>
    <ClInclude Include="sys_macro.h">
      <Filter>Header Files</Filter>
    </ClInclude>
    <ClInclude Include="sys_type.h">
      <Filter>Header Files</Filter>
    </ClInclude>
    <ClInclude Include="tables.h">
      <Filter>Header Files</Filter>
    </ClInclude>
    <ClInclude Include="vpo_api.h">
      <Filter>Header Files</Filter>
    </ClInclude>
    <ClInclude Include="vpo_local.h">
      <Filter>Header Files</Filter>
    </ClInclude>
    <ClInclude Include="w_file.h">
      <Filter>Header Files</Filter>
    </ClInclude>
    <ClInclude Include="w_wad.h">
      <Filter>Header Files</Filter>
    </ClInclude>
  </ItemGroup>
  <ItemGroup>
    <None Include="exports.def">
      <Filter>Header Files</Filter>
    </None>
  </ItemGroup>
</Project>